
Microsoft Visual Studio Solution File, Format Version 12.00
# Visual Studio Version 17
VisualStudioVersion = 17.2.32630.192
MinimumVisualStudioVersion = 10.0.40219.1
Project("{6EC3EE1D-3C4E-46DD-8F32-0CC8E7565705}") = "BidirectionalMap.PropertyTests", "tests\BidirectionalMap.PropertyTests\BidirectionalMap.PropertyTests.fsproj", "{062F0ADB-CB07-4057-8A1A-0A30DBDA18AF}"
EndProject
Project("{9A19103F-16F7-4668-BE54-9A1E7A4F7556}") = "BidirectionalMap", "src\BidirectionalMap\BidirectionalMap.csproj", "{A1624B8B-08B9-4602-88C0-344369622742}"
EndProject
Project("{9A19103F-16F7-4668-BE54-9A1E7A4F7556}") = "BidirectionalMap.Json.Newtonsoft", "src\BidirectionalMap.Json.Newtonsoft\BidirectionalMap.Json.Newtonsoft.csproj", "{D9D40F44-48E9-4565-9699-670D5B879E73}"
EndProject
Project("{9A19103F-16F7-4668-BE54-9A1E7A4F7556}") = "BidirectionalMap.Json.Newtonsoft.Tests", "tests\BidirectionalMap.Json.Newtonsoft.Tests\BidirectionalMap.Json.Newtonsoft.Tests.csproj", "{538461E4-9203-43CE-B850-AC550E94E364}"
EndProject
Project("{FAE04EC0-301F-11D3-BF4B-00C04F79EFBC}") = "BidirectionalMap.Tests", "tests\BidirectionalMap.Tests\BidirectionalMap.Tests.csproj", "{390D1D28-C51B-4605-BEE1-19B074D1C26C}"
EndProject
Global
	GlobalSection(SolutionConfigurationPlatforms) = preSolution
		Debug|Any CPU = Debug|Any CPU
		Release|Any CPU = Release|Any CPU
	EndGlobalSection
	GlobalSection(ProjectConfigurationPlatforms) = postSolution
		{062F0ADB-CB07-4057-8A1A-0A30DBDA18AF}.Debug|Any CPU.ActiveCfg = Debug|Any CPU
		{062F0ADB-CB07-4057-8A1A-0A30DBDA18AF}.Debug|Any CPU.Build.0 = Debug|Any CPU
		{062F0ADB-CB07-4057-8A1A-0A30DBDA18AF}.Release|Any CPU.ActiveCfg = Release|Any CPU
		{062F0ADB-CB07-4057-8A1A-0A30DBDA18AF}.Release|Any CPU.Build.0 = Release|Any CPU
		{A1624B8B-08B9-4602-88C0-344369622742}.Debug|Any CPU.ActiveCfg = Debug|Any CPU
		{A1624B8B-08B9-4602-88C0-344369622742}.Debug|Any CPU.Build.0 = Debug|Any CPU
		{A1624B8B-08B9-4602-88C0-344369622742}.Release|Any CPU.ActiveCfg = Release|Any CPU
		{A1624B8B-08B9-4602-88C0-344369622742}.Release|Any CPU.Build.0 = Release|Any CPU
		{D9D40F44-48E9-4565-9699-670D5B879E73}.Debug|Any CPU.ActiveCfg = Debug|Any CPU
		{D9D40F44-48E9-4565-9699-670D5B879E73}.Debug|Any CPU.Build.0 = Debug|Any CPU
		{D9D40F44-48E9-4565-9699-670D5B879E73}.Release|Any CPU.ActiveCfg = Release|Any CPU
		{D9D40F44-48E9-4565-9699-670D5B879E73}.Release|Any CPU.Build.0 = Release|Any CPU
		{538461E4-9203-43CE-B850-AC550E94E364}.Debug|Any CPU.ActiveCfg = Debug|Any CPU
		{538461E4-9203-43CE-B850-AC550E94E364}.Debug|Any CPU.Build.0 = Debug|Any CPU
		{538461E4-9203-43CE-B850-AC550E94E364}.Release|Any CPU.ActiveCfg = Release|Any CPU
		{538461E4-9203-43CE-B850-AC550E94E364}.Release|Any CPU.Build.0 = Release|Any CPU
		{390D1D28-C51B-4605-BEE1-19B074D1C26C}.Debug|Any CPU.ActiveCfg = Debug|Any CPU
		{390D1D28-C51B-4605-BEE1-19B074D1C26C}.Debug|Any CPU.Build.0 = Debug|Any CPU
		{390D1D28-C51B-4605-BEE1-19B074D1C26C}.Release|Any CPU.ActiveCfg = Release|Any CPU
		{390D1D28-C51B-4605-BEE1-19B074D1C26C}.Release|Any CPU.Build.0 = Release|Any CPU
	EndGlobalSection
	GlobalSection(SolutionProperties) = preSolution
		HideSolutionNode = FALSE
	EndGlobalSection
	GlobalSection(ExtensibilityGlobals) = postSolution
		SolutionGuid = {7177334E-3A44-479E-BA8D-C5514C723A1D}
	EndGlobalSection
EndGlobal
